# Code generated by scarb DO NOT EDIT.
version = 1

[[package]]
name = "alexandria_merkle_tree"
version = "0.1.0"
source = "git+https://github.com/keep-starknet-strange/alexandria.git?tag=cairo-v2.6.0#946e6e2f9d390ad9f345882a352c0dd6f02ef3ad"

[[package]]
name = "merkle_tree_cairo"
version = "0.1.0"
dependencies = [
 "alexandria_merkle_tree",
 "snforge_std",
]

[[package]]
name = "snforge_std"
version = "0.26.0"
source = "git+https://github.com/foundry-rs/starknet-foundry?tag=v0.26.0#50eb589db65e113efe4f09241feb59b574228c7e"
